// !$*UTF8*$!
{
	archiveVersion = 1;
	classes = {
	};
	objectVersion = 46;
	objects = {

/* Begin PBXBuildFile section */
		29A220C41AA3BA20002552E1 /* AppDelegate.swift in Sources */ = {isa = PBXBuildFile; fileRef = 29A220C31AA3BA20002552E1 /* AppDelegate.swift */; };
		29A220C61AA3BA20002552E1 /* ViewController.swift in Sources */ = {isa = PBXBuildFile; fileRef = 29A220C51AA3BA20002552E1 /* ViewController.swift */; };
		29A220C91AA3BA20002552E1 /* Main.storyboard in Resources */ = {isa = PBXBuildFile; fileRef = 29A220C71AA3BA20002552E1 /* Main.storyboard */; };
		29A220CB1AA3BA20002552E1 /* Images.xcassets in Resources */ = {isa = PBXBuildFile; fileRef = 29A220CA1AA3BA20002552E1 /* Images.xcassets */; };
		29A220CE1AA3BA20002552E1 /* LaunchScreen.xib in Resources */ = {isa = PBXBuildFile; fileRef = 29A220CC1AA3BA20002552E1 /* LaunchScreen.xib */; };
		29A220DA1AA3BA20002552E1 /* xcodeClass1postcardTests.swift in Sources */ = {isa = PBXBuildFile; fileRef = 29A220D91AA3BA20002552E1 /* xcodeClass1postcardTests.swift */; };
		29A220E41AA3C97E002552E1 /* SagradaFamilia.jpeg in Resources */ = {isa = PBXBuildFile; fileRef = 29A220E31AA3C97E002552E1 /* SagradaFamilia.jpeg */; };
		29A221441AA3D655002552E1 /* AlbertEinsteinStamp.jpg in Resources */ = {isa = PBXBuildFile; fileRef = 29A221431AA3D655002552E1 /* AlbertEinsteinStamp.jpg */; };
/* End PBXBuildFile section */

/* Begin PBXContainerItemProxy section */
		29A220D41AA3BA20002552E1 /* PBXContainerItemProxy */ = {
			isa = PBXContainerItemProxy;
			containerPortal = 29A220B61AA3BA20002552E1 /* Project object */;
			proxyType = 1;
			remoteGlobalIDString = 29A220BD1AA3BA20002552E1;
			remoteInfo = xcodeClass1postcard;
		};
/* End PBXContainerItemProxy section */

/* Begin PBXFileReference section */
		29A220BE1AA3BA20002552E1 /* xcodeClass1postcard.app */ = {isa = PBXFileReference; explicitFileType = wrapper.application; includeInIndex = 0; path = xcodeClass1postcard.app; sourceTree = BUILT_PRODUCTS_DIR; };
		29A220C21AA3BA20002552E1 /* Info.plist */ = {isa = PBXFileReference; lastKnownFileType = text.plist.xml; path = Info.plist; sourceTree = "<group>"; };
		29A220C31AA3BA20002552E1 /* AppDelegate.swift */ = {isa = PBXFileReference; lastKnownFileType = sourcecode.swift; path = AppDelegate.swift; sourceTree = "<group>"; };
		29A220C51AA3BA20002552E1 /* ViewController.swift */ = {isa = PBXFileReference; lastKnownFileType = sourcecode.swift; path = ViewController.swift; sourceTree = "<group>"; };
		29A220C81AA3BA20002552E1 /* Base */ = {isa = PBXFileReference; lastKnownFileType = file.storyboard; name = Base; path = Base.lproj/Main.storyboard; sourceTree = "<group>"; };
		29A220CA1AA3BA20002552E1 /* Images.xcassets */ = {isa = PBXFileReference; lastKnownFileType = folder.assetcatalog; path = Images.xcassets; sourceTree = "<group>"; };
		29A220CD1AA3BA20002552E1 /* Base */ = {isa = PBXFileReference; lastKnownFileType = file.xib; name = Base; path = Base.lproj/LaunchScreen.xib; sourceTree = "<group>"; };
		29A220D31AA3BA20002552E1 /* xcodeClass1postcardTests.xctest */ = {isa = PBXFileReference; explicitFileType = wrapper.cfbundle; includeInIndex = 0; path = xcodeClass1postcardTests.xctest; sourceTree = BUILT_PRODUCTS_DIR; };
		29A220D81AA3BA20002552E1 /* Info.plist */ = {isa = PBXFileReference; lastKnownFileType = text.plist.xml; path = Info.plist; sourceTree = "<group>"; };
		29A220D91AA3BA20002552E1 /* xcodeClass1postcardTests.swift */ = {isa = PBXFileReference; lastKnownFileType = sourcecode.swift; path = xcodeClass1postcardTests.swift; sourceTree = "<group>"; };
		29A220E31AA3C97E002552E1 /* SagradaFamilia.jpeg */ = {isa = PBXFileReference; lastKnownFileType = image.jpeg; path = SagradaFamilia.jpeg; sourceTree = "<group>"; };
		29A221431AA3D655002552E1 /* AlbertEinsteinStamp.jpg */ = {isa = PBXFileReference; lastKnownFileType = image.jpeg; path = AlbertEinsteinStamp.jpg; sourceTree = "<group>"; };
/* End PBXFileReference section */

/* Begin PBXFrameworksBuildPhase section */
		29A220BB1AA3BA20002552E1 /* Frameworks */ = {
			isa = PBXFrameworksBuildPhase;
			buildActionMask = 2147483647;
			files = (
			);
			runOnlyForDeploymentPostprocessing = 0;
		};
		29A220D01AA3BA20002552E1 /* Frameworks */ = {
			isa = PBXFrameworksBuildPhase;
			buildActionMask = 2147483647;
			files = (
			);
			runOnlyForDeploymentPostprocessing = 0;
		};
/* End PBXFrameworksBuildPhase section */

/* Begin PBXGroup section */
		29A220B51AA3BA1F002552E1 = {
			isa = PBXGroup;
			children = (
				29A220C01AA3BA20002552E1 /* xcodeClass1postcard */,
				29A220D61AA3BA20002552E1 /* xcodeClass1postcardTests */,
				29A220BF1AA3BA20002552E1 /* Products */,
			);
			sourceTree = "<group>";
		};
		29A220BF1AA3BA20002552E1 /* Products */ = {
			isa = PBXGroup;
			children = (
				29A220BE1AA3BA20002552E1 /* xcodeClass1postcard.app */,
				29A220D31AA3BA20002552E1 /* xcodeClass1postcardTests.xctest */,
			);
			name = Products;
			sourceTree = "<group>";
		};
		29A220C01AA3BA20002552E1 /* xcodeClass1postcard */ = {
			isa = PBXGroup;
			children = (
				29A220C31AA3BA20002552E1 /* AppDelegate.swift */,
				29A220C51AA3BA20002552E1 /* ViewController.swift */,
				29A220C71AA3BA20002552E1 /* Main.storyboard */,
				29A220CA1AA3BA20002552E1 /* Images.xcassets */,
				29A220CC1AA3BA20002552E1 /* LaunchScreen.xib */,
				29A220C11AA3BA20002552E1 /* Supporting Files */,
			);
			path = xcodeClass1postcard;
			sourceTree = "<group>";
		};
		29A220C11AA3BA20002552E1 /* Supporting Files */ = {
			isa = PBXGroup;
			children = (
				29A221431AA3D655002552E1 /* AlbertEinsteinStamp.jpg */,
				29A220E31AA3C97E002552E1 /* SagradaFamilia.jpeg */,
				29A220C21AA3BA20002552E1 /* Info.plist */,
			);
			name = "Supporting Files";
			sourceTree = "<group>";
		};
		29A220D61AA3BA20002552E1 /* xcodeClass1postcardTests */ = {
			isa = PBXGroup;
			children = (
				29A220D91AA3BA20002552E1 /* xcodeClass1postcardTests.swift */,
				29A220D71AA3BA20002552E1 /* Supporting Files */,
			);
			path = xcodeClass1postcardTests;
			sourceTree = "<group>";
		};
		29A220D71AA3BA20002552E1 /* Supporting Files */ = {
			isa = PBXGroup;
			children = (
				29A220D81AA3BA20002552E1 /* Info.plist */,
			);
			name = "Supporting Files";
			sourceTree = "<group>";
		};
/* End PBXGroup section */

/* Begin PBXNativeTarget section */
		29A220BD1AA3BA20002552E1 /* xcodeClass1postcard */ = {
			isa = PBXNativeTarget;
			buildConfigurationList = 29A220DD1AA3BA20002552E1 /* Build configuration list for PBXNativeTarget "xcodeClass1postcard" */;
			buildPhases = (
				29A220BA1AA3BA20002552E1 /* Sources */,
				29A220BB1AA3BA20002552E1 /* Frameworks */,
				29A220BC1AA3BA20002552E1 /* Resources */,
			);
			buildRules = (
			);
			dependencies = (
			);
			name = xcodeClass1postcard;
			productName = xcodeClass1postcard;
			productReference = 29A220BE1AA3BA20002552E1 /* xcodeClass1postcard.app */;
			productType = "com.apple.product-type.application";
		};
		29A220D21AA3BA20002552E1 /* xcodeClass1postcardTests */ = {
			isa = PBXNativeTarget;
			buildConfigurationList = 29A220E01AA3BA20002552E1 /* Build configuration list for PBXNativeTarget "xcodeClass1postcardTests" */;
			buildPhases = (
				29A220CF1AA3BA20002552E1 /* Sources */,
				29A220D01AA3BA20002552E1 /* Frameworks */,
				29A220D11AA3BA20002552E1 /* Resources */,
			);
			buildRules = (
			);
			dependencies = (
				29A220D51AA3BA20002552E1 /* PBXTargetDependency */,
			);
			name = xcodeClass1postcardTests;
			productName = xcodeClass1postcardTests;
			productReference = 29A220D31AA3BA20002552E1 /* xcodeClass1postcardTests.xctest */;
			productType = "com.apple.product-type.bundle.unit-test";
		};
/* End PBXNativeTarget section */

/* Begin PBXProject section */
		29A220B61AA3BA20002552E1 /* Project object */ = {
			isa = PBXProject;
			attributes = {
				LastUpgradeCheck = 0610;
				ORGANIZATIONNAME = "Nicholas Goehner";
				TargetAttributes = {
					29A220BD1AA3BA20002552E1 = {
						CreatedOnToolsVersion = 6.1.1;
					};
					29A220D21AA3BA20002552E1 = {
						CreatedOnToolsVersion = 6.1.1;
						TestTargetID = 29A220BD1AA3BA20002552E1;
					};
				};
			};
			buildConfigurationList = 29A220B91AA3BA20002552E1 /* Build configuration list for PBXProject "xcodeClass1postcard" */;
			compatibilityVersion = "Xcode 3.2";
			developmentRegion = English;
			hasScannedForEncodings = 0;
			knownRegions = (
				en,
				Base,
			);
			mainGroup = 29A220B51AA3BA1F002552E1;
			productRefGroup = 29A220BF1AA3BA20002552E1 /* Products */;
			projectDirPath = "";
			projectRoot = "";
			targets = (
				29A220BD1AA3BA20002552E1 /* xcodeClass1postcard */,
				29A220D21AA3BA20002552E1 /* xcodeClass1postcardTests */,
			);
		};
/* End PBXProject section */

/* Begin PBXResourcesBuildPhase section */
		29A220BC1AA3BA20002552E1 /* Resources */ = {
			isa = PBXResourcesBuildPhase;
			buildActionMask = 2147483647;
			files = (
				29A220C91AA3BA20002552E1 /* Main.storyboard in Resources */,
				29A220E41AA3C97E002552E1 /* SagradaFamilia.jpeg in Resources */,
				29A221441AA3D655002552E1 /* AlbertEinsteinStamp.jpg in Resources */,
				29A220CE1AA3BA20002552E1 /* LaunchScreen.xib in Resources */,
				29A220CB1AA3BA20002552E1 /* Images.xcassets in Resources */,
			);
			runOnlyForDeploymentPostprocessing = 0;
		};
		29A220D11AA3BA20002552E1 /* Resources */ = {
			isa = PBXResourcesBuildPhase;
			buildActionMask = 2147483647;
			files = (
			);
			runOnlyForDeploymentPostprocessing = 0;
		};
/* End PBXResourcesBuildPhase section */

/* Begin PBXSourcesBuildPhase section */
		29A220BA1AA3BA20002552E1 /* Sources */ = {
			isa = PBXSourcesBuildPhase;
			buildActionMask = 2147483647;
			files = (
				29A220C61AA3BA20002552E1 /* ViewController.swift in Sources */,
				29A220C41AA3BA20002552E1 /* AppDelegate.swift in Sources */,
			);
			runOnlyForDeploymentPostprocessing = 0;
		};
		29A220CF1AA3BA20002552E1 /* Sources */ = {
			isa = PBXSourcesBuildPhase;
			buildActionMask = 2147483647;
			files = (
				29A220DA1AA3BA20002552E1 /* xcodeClass1postcardTests.swift in Sources */,
			);
			runOnlyForDeploymentPostprocessing = 0;
		};
/* End PBXSourcesBuildPhase section */

/* Begin PBXTargetDependency section */
		29A220D51AA3BA20002552E1 /* PBXTargetDependency */ = {
			isa = PBXTargetDependency;
			target = 29A220BD1AA3BA20002552E1 /* xcodeClass1postcard */;
			targetProxy = 29A220D41AA3BA20002552E1 /* PBXContainerItemProxy */;
		};
/* End PBXTargetDependency section */

/* Begin PBXVariantGroup section */
		29A220C71AA3BA20002552E1 /* Main.storyboard */ = {
			isa = PBXVariantGroup;
			children = (
				29A220C81AA3BA20002552E1 /* Base */,
			);
			name = Main.storyboard;
			sourceTree = "<group>";
		};
		29A220CC1AA3BA20002552E1 /* LaunchScreen.xib */ = {
			isa = PBXVariantGroup;
			children = (
				29A220CD1AA3BA20002552E1 /* Base */,
			);
			name = LaunchScreen.xib;
			sourceTree = "<group>";
		};
/* End PBXVariantGroup section */

/* Begin XCBuildConfiguration section */
		29A220DB1AA3BA20002552E1 /* Debug */ = {
			isa = XCBuildConfiguration;
			buildSettings = {
				ALWAYS_SEARCH_USER_PATHS = NO;
				CLANG_CXX_LANGUAGE_STANDARD = "gnu++0x";
				CLANG_CXX_LIBRARY = "libc++";
				CLANG_ENABLE_MODULES = YES;
				CLANG_ENABLE_OBJC_ARC = YES;
				CLANG_WARN_BOOL_CONVERSION = YES;
				CLANG_WARN_CONSTANT_CONVERSION = YES;
				CLANG_WARN_DIRECT_OBJC_ISA_USAGE = YES_ERROR;
				CLANG_WARN_EMPTY_BODY = YES;
				CLANG_WARN_ENUM_CONVERSION = YES;
				CLANG_WARN_INT_CONVERSION = YES;
				CLANG_WARN_OBJC_ROOT_CLASS = YES_ERROR;
				CLANG_WARN_UNREACHABLE_CODE = YES;
				CLANG_WARN__DUPLICATE_METHOD_MATCH = YES;
				"CODE_SIGN_IDENTITY[sdk=iphoneos*]" = "iPhone Developer";
				COPY_PHASE_STRIP = NO;
				ENABLE_STRICT_OBJC_MSGSEND = YES;
				GCC_C_LANGUAGE_STANDARD = gnu99;
				GCC_DYNAMIC_NO_PIC = NO;
				GCC_OPTIMIZATION_LEVEL = 0;
				GCC_PREPROCESSOR_DEFINITIONS = (
					"DEBUG=1",
					"$(inherited)",
				);
				GCC_SYMBOLS_PRIVATE_EXTERN = NO;
				GCC_WARN_64_TO_32_BIT_CONVERSION = YES;
				GCC_WARN_ABOUT_RETURN_TYPE = YES_ERROR;
				GCC_WARN_UNDECLARED_SELECTOR = YES;
				GCC_WARN_UNINITIALIZED_AUTOS = YES_AGGRESSIVE;
				GCC_WARN_UNUSED_FUNCTION = YES;
				GCC_WARN_UNUSED_VARIABLE = YES;
				IPHONEOS_DEPLOYMENT_TARGET = 8.1;
				MTL_ENABLE_DEBUG_INFO = YES;
				ONLY_ACTIVE_ARCH = YES;
				SDKROOT = iphoneos;
				SWIFT_OPTIMIZATION_LEVEL = "-Onone";
				TARGETED_DEVICE_FAMILY = "1,2";
			};
			name = Debug;
		};
		29A220DC1AA3BA20002552E1 /* Release */ = {
			isa = XCBuildConfiguration;
			buildSettings = {
				ALWAYS_SEARCH_USER_PATHS = NO;
				CLANG_CXX_LANGUAGE_STANDARD = "gnu++0x";
				CLANG_CXX_LIBRARY = "libc++";
				CLANG_ENABLE_MODULES = YES;
				CLANG_ENABLE_OBJC_ARC = YES;
				CLANG_WARN_BOOL_CONVERSION = YES;
				CLANG_WARN_CONSTANT_CONVERSION = YES;
				CLANG_WARN_DIRECT_OBJC_ISA_USAGE = YES_ERROR;
				CLANG_WARN_EMPTY_BODY = YES;
				CLANG_WARN_ENUM_CONVERSION = YES;
				CLANG_WARN_INT_CONVERSION = YES;
				CLANG_WARN_OBJC_ROOT_CLASS = YES_ERROR;
				CLANG_WARN_UNREACHABLE_CODE = YES;
				CLANG_WARN__DUPLICATE_METHOD_MATCH = YES;
				"CODE_SIGN_IDENTITY[sdk=iphoneos*]" = "iPhone Developer";
				COPY_PHASE_STRIP = YES;
				ENABLE_NS_ASSERTIONS = NO;
				ENABLE_STRICT_OBJC_MSGSEND = YES;
				GCC_C_LANGUAGE_STANDARD = gnu99;
				GCC_WARN_64_TO_32_BIT_CONVERSION = YES;
				GCC_WARN_ABOUT_RETURN_TYPE = YES_ERROR;
				GCC_WARN_UNDECLARED_SELECTOR = YES;
				GCC_WARN_UNINITIALIZED_AUTOS = YES_AGGRESSIVE;
				GCC_WARN_UNUSED_FUNCTION = YES;
				GCC_WARN_UNUSED_VARIABLE = YES;
				IPHONEOS_DEPLOYMENT_TARGET = 8.1;
				MTL_ENABLE_DEBUG_INFO = NO;
				SDKROOT = iphoneos;
				TARGETED_DEVICE_FAMILY = "1,2";
				VALIDATE_PRODUCT = YES;
			};
			name = Release;
		};
		29A220DE1AA3BA20002552E1 /* Debug */ = {
			isa = XCBuildConfiguration;
			buildSettings = {
				ASSETCATALOG_COMPILER_APPICON_NAME = AppIcon;
				INFOPLIST_FILE = xcodeClass1postcard/Info.plist;
				LD_RUNPATH_SEARCH_PATHS = "$(inherited) @executable_path/Frameworks";
				PRODUCT_NAME = "$(TARGET_NAME)";
			};
			name = Debug;
		};
		29A220DF1AA3BA20002552E1 /* Release */ = {
			isa = XCBuildConfiguration;
			buildSettings = {
				ASSETCATALOG_COMPILER_APPICON_NAME = AppIcon;
				INFOPLIST_FILE = xcodeClass1postcard/Info.plist;
				LD_RUNPATH_SEARCH_PATHS = "$(inherited) @executable_path/Frameworks";
				PRODUCT_NAME = "$(TARGET_NAME)";
			};
			name = Release;
		};
		29A220E11AA3BA20002552E1 /* Debug */ = {
			isa = XCBuildConfiguration;
			buildSettings = {
				BUNDLE_LOADER = "$(TEST_HOST)";
				FRAMEWORK_SEARCH_PATHS = (
					"$(SDKROOT)/Developer/Library/Frameworks",
					"$(inherited)",
				);
				GCC_PREPROCESSOR_DEFINITIONS = (
					"DEBUG=1",
					"$(inherited)",
				);
				INFOPLIST_FILE = xcodeClass1postcardTests/Info.plist;
				LD_RUNPATH_SEARCH_PATHS = "$(inherited) @executable_path/Frameworks @loader_path/Frameworks";
				PRODUCT_NAME = "$(TARGET_NAME)";
				TEST_HOST = "$(BUILT_PRODUCTS_DIR)/xcodeClass1postcard.app/xcodeClass1postcard";
			};
			name = Debug;
		};
		29A220E21AA3BA20002552E1 /* Release */ = {
			isa = XCBuildConfiguration;
			buildSettings = {
				BUNDLE_LOADER = "$(TEST_HOST)";
				FRAMEWORK_SEARCH_PATHS = (
					"$(SDKROOT)/Developer/Library/Frameworks",
					"$(inherited)",
				);
				INFOPLIST_FILE = xcodeClass1postcardTests/Info.plist;
				LD_RUNPATH_SEARCH_PATHS = "$(inherited) @executable_path/Frameworks @loader_path/Frameworks";
				PRODUCT_NAME = "$(TARGET_NAME)";
				TEST_HOST = "$(BUILT_PRODUCTS_DIR)/xcodeClass1postcard.app/xcodeClass1postcard";
			};
			name = Release;
		};
/* End XCBuildConfiguration section */

/* Begin XCConfigurationList section */
		29A220B91AA3BA20002552E1 /* Build configuration list for PBXProject "xcodeClass1postcard" */ = {
			isa = XCConfigurationList;
			buildConfigurations = (
				29A220DB1AA3BA20002552E1 /* Debug */,
				29A220DC1AA3BA20002552E1 /* Release */,
			);
			defaultConfigurationIsVisible = 0;
			defaultConfigurationName = Release;
		};
		29A220DD1AA3BA20002552E1 /* Build configuration list for PBXNativeTarget "xcodeClass1postcard" */ = {
			isa = XCConfigurationList;
			buildConfigurations = (
				29A220DE1AA3BA20002552E1 /* Debug */,
				29A220DF1AA3BA20002552E1 /* Release */,
			);
			defaultConfigurationIsVisible = 0;
		};
		29A220E01AA3BA20002552E1 /* Build configuration list for PBXNativeTarget "xcodeClass1postcardTests" */ = {
			isa = XCConfigurationList;
			buildConfigurations = (
				29A220E11AA3BA20002552E1 /* Debug */,
				29A220E21AA3BA20002552E1 /* Release */,
			);
			defaultConfigurationIsVisible = 0;
		};
/* End XCConfigurationList section */
	};
	rootObject = 29A220B61AA3BA20002552E1 /* Project object */;
}
